
Microsoft Visual Studio Solution File, Format Version 12.00
# Visual Studio Version 17
VisualStudioVersion = 17.11.35222.181
MinimumVisualStudioVersion = 10.0.40219.1
Project("{8BC9CEB8-8B4A-11D0-8D11-00A0C91BC942}") = "CSCE-463-project1", "CSCE-463-project1\CSCE-463-project1.vcxproj", "{8240861A-05C0-4DEB-9E9F-E7A9C8E9D96B}"
EndProject
Global
	GlobalSection(SolutionConfigurationPlatforms) = preSolution
		Debug|x64 = Debug|x64
		Debug|x86 = Debug|x86
		Release|x64 = Release|x64
		Release|x86 = Release|x86
	EndGlobalSection
	GlobalSection(ProjectConfigurationPlatforms) = postSolution
		{8240861A-05C0-4DEB-9E9F-E7A9C8E9D96B}.Debug|x64.ActiveCfg = Debug|x64
		{8240861A-05C0-4DEB-9E9F-E7A9C8E9D96B}.Debug|x64.Build.0 = Debug|x64
		{8240861A-05C0-4DEB-9E9F-E7A9C8E9D96B}.Debug|x86.ActiveCfg = Debug|Win32
		{8240861A-05C0-4DEB-9E9F-E7A9C8E9D96B}.Debug|x86.Build.0 = Debug|Win32
		{8240861A-05C0-4DEB-9E9F-E7A9C8E9D96B}.Release|x64.ActiveCfg = Release|x64
		{8240861A-05C0-4DEB-9E9F-E7A9C8E9D96B}.Release|x64.Build.0 = Release|x64
		{8240861A-05C0-4DEB-9E9F-E7A9C8E9D96B}.Release|x86.ActiveCfg = Release|Win32
		{8240861A-05C0-4DEB-9E9F-E7A9C8E9D96B}.Release|x86.Build.0 = Release|Win32
	EndGlobalSection
	GlobalSection(SolutionProperties) = preSolution
		HideSolutionNode = FALSE
	EndGlobalSection
	GlobalSection(ExtensibilityGlobals) = postSolution
		SolutionGuid = {38EC0397-686A-4468-AB6C-9CD6949D11A9}
	EndGlobalSection
EndGlobal
